
Microsoft Visual Studio Solution File, Format Version 12.00
# Visual Studio Version 17
VisualStudioVersion = 17.8.34330.188
MinimumVisualStudioVersion = 10.0.40219.1
Project("{2150E333-8FDC-42A3-9474-1A3956D46DE8}") = "SRC", "SRC", "{153FD172-8126-46C2-B310-1CD175F3AAC5}"
EndProject
Project("{2150E333-8FDC-42A3-9474-1A3956D46DE8}") = "TEST", "TEST", "{653BD81C-CF20-4C44-BDAB-A1719FCD8522}"
EndProject
Project("{9A19103F-16F7-4668-BE54-9A1E7A4F7556}") = "Blazor_Domain_Library", "Blazor_Domain_Library\Blazor_Domain_Library.csproj", "{638311A9-3860-49DF-B038-F54806C59941}"
EndProject
Project("{9A19103F-16F7-4668-BE54-9A1E7A4F7556}") = "Blazor_Application_Library", "Blazor_Application_Library\Blazor_Application_Library.csproj", "{0DC5866A-958C-4509-A69E-AAFA36795B15}"
EndProject
Project("{9A19103F-16F7-4668-BE54-9A1E7A4F7556}") = "Blazor_Infrastructure_Library", "Blazor_Infrastructure_Library\Blazor_Infrastructure_Library.csproj", "{876C1649-2CD6-4A36-903E-D8F7AFF12A14}"
EndProject
Project("{9A19103F-16F7-4668-BE54-9A1E7A4F7556}") = "Blazor_Persistance_Library", "Blazor_Persistance_Library\Blazor_Persistance_Library.csproj", "{5EB86B17-0468-4429-89B5-68AC0F8CC6DD}"
EndProject
Project("{9A19103F-16F7-4668-BE54-9A1E7A4F7556}") = "Blazor_Domain_Library_Test", "Blazor_Domain_Library_Test\Blazor_Domain_Library_Test.csproj", "{AEC6D4F4-56F3-437A-8391-3FC150A1E2EF}"
EndProject
Project("{9A19103F-16F7-4668-BE54-9A1E7A4F7556}") = "Blazor_Application_Library_Test", "Blazor_Application_Library_Test\Blazor_Application_Library_Test.csproj", "{BF7FF946-3121-4D0E-A0D2-CA536366177A}"
EndProject
Project("{9A19103F-16F7-4668-BE54-9A1E7A4F7556}") = "Blazor_Infrastructure_Library_Test", "Blazor_Infrastructure_Library_Test\Blazor_Infrastructure_Library_Test.csproj", "{B6B44712-29C8-454D-AE41-3924F197E50A}"
EndProject
Project("{9A19103F-16F7-4668-BE54-9A1E7A4F7556}") = "Blazor_Persistance_Library_Test", "Blazor_Persistance_Library_Test\Blazor_Persistance_Library_Test.csproj", "{360696AA-0344-4A98-A282-053B16356FC3}"
EndProject
Project("{2150E333-8FDC-42A3-9474-1A3956D46DE8}") = "ExternalApi", "ExternalApi", "{79655161-8259-4888-B4C3-E5F8C4752CA2}"
EndProject
Project("{2150E333-8FDC-42A3-9474-1A3956D46DE8}") = "EndPoint", "EndPoint", "{BE9ECEB6-4C02-4F1B-8BA5-360D2DAB96C7}"
EndProject
Project("{FAE04EC0-301F-11D3-BF4B-00C04F79EFBC}") = "Blazor_Web_Api", "Blazor_Web_Api\Blazor_Web_Api\Blazor_Web_Api.csproj", "{F21FA9F6-3F93-427B-BE9D-7908CCE8E996}"
EndProject
Project("{FAE04EC0-301F-11D3-BF4B-00C04F79EFBC}") = "Blazor_Web_Api.Client", "Blazor_Web_Api\Blazor_Web_Api.Client\Blazor_Web_Api.Client.csproj", "{15461D83-3946-4282-90BB-A3CE5E7F408E}"
EndProject
Global
	GlobalSection(SolutionConfigurationPlatforms) = preSolution
		Debug|Any CPU = Debug|Any CPU
		Release|Any CPU = Release|Any CPU
	EndGlobalSection
	GlobalSection(ProjectConfigurationPlatforms) = postSolution
		{638311A9-3860-49DF-B038-F54806C59941}.Debug|Any CPU.ActiveCfg = Debug|Any CPU
		{638311A9-3860-49DF-B038-F54806C59941}.Debug|Any CPU.Build.0 = Debug|Any CPU
		{638311A9-3860-49DF-B038-F54806C59941}.Release|Any CPU.ActiveCfg = Release|Any CPU
		{638311A9-3860-49DF-B038-F54806C59941}.Release|Any CPU.Build.0 = Release|Any CPU
		{0DC5866A-958C-4509-A69E-AAFA36795B15}.Debug|Any CPU.ActiveCfg = Debug|Any CPU
		{0DC5866A-958C-4509-A69E-AAFA36795B15}.Debug|Any CPU.Build.0 = Debug|Any CPU
		{0DC5866A-958C-4509-A69E-AAFA36795B15}.Release|Any CPU.ActiveCfg = Release|Any CPU
		{0DC5866A-958C-4509-A69E-AAFA36795B15}.Release|Any CPU.Build.0 = Release|Any CPU
		{876C1649-2CD6-4A36-903E-D8F7AFF12A14}.Debug|Any CPU.ActiveCfg = Debug|Any CPU
		{876C1649-2CD6-4A36-903E-D8F7AFF12A14}.Debug|Any CPU.Build.0 = Debug|Any CPU
		{876C1649-2CD6-4A36-903E-D8F7AFF12A14}.Release|Any CPU.ActiveCfg = Release|Any CPU
		{876C1649-2CD6-4A36-903E-D8F7AFF12A14}.Release|Any CPU.Build.0 = Release|Any CPU
		{5EB86B17-0468-4429-89B5-68AC0F8CC6DD}.Debug|Any CPU.ActiveCfg = Debug|Any CPU
		{5EB86B17-0468-4429-89B5-68AC0F8CC6DD}.Debug|Any CPU.Build.0 = Debug|Any CPU
		{5EB86B17-0468-4429-89B5-68AC0F8CC6DD}.Release|Any CPU.ActiveCfg = Release|Any CPU
		{5EB86B17-0468-4429-89B5-68AC0F8CC6DD}.Release|Any CPU.Build.0 = Release|Any CPU
		{AEC6D4F4-56F3-437A-8391-3FC150A1E2EF}.Debug|Any CPU.ActiveCfg = Debug|Any CPU
		{AEC6D4F4-56F3-437A-8391-3FC150A1E2EF}.Debug|Any CPU.Build.0 = Debug|Any CPU
		{AEC6D4F4-56F3-437A-8391-3FC150A1E2EF}.Release|Any CPU.ActiveCfg = Release|Any CPU
		{AEC6D4F4-56F3-437A-8391-3FC150A1E2EF}.Release|Any CPU.Build.0 = Release|Any CPU
		{BF7FF946-3121-4D0E-A0D2-CA536366177A}.Debug|Any CPU.ActiveCfg = Debug|Any CPU
		{BF7FF946-3121-4D0E-A0D2-CA536366177A}.Debug|Any CPU.Build.0 = Debug|Any CPU
		{BF7FF946-3121-4D0E-A0D2-CA536366177A}.Release|Any CPU.ActiveCfg = Release|Any CPU
		{BF7FF946-3121-4D0E-A0D2-CA536366177A}.Release|Any CPU.Build.0 = Release|Any CPU
		{B6B44712-29C8-454D-AE41-3924F197E50A}.Debug|Any CPU.ActiveCfg = Debug|Any CPU
		{B6B44712-29C8-454D-AE41-3924F197E50A}.Debug|Any CPU.Build.0 = Debug|Any CPU
		{B6B44712-29C8-454D-AE41-3924F197E50A}.Release|Any CPU.ActiveCfg = Release|Any CPU
		{B6B44712-29C8-454D-AE41-3924F197E50A}.Release|Any CPU.Build.0 = Release|Any CPU
		{360696AA-0344-4A98-A282-053B16356FC3}.Debug|Any CPU.ActiveCfg = Debug|Any CPU
		{360696AA-0344-4A98-A282-053B16356FC3}.Debug|Any CPU.Build.0 = Debug|Any CPU
		{360696AA-0344-4A98-A282-053B16356FC3}.Release|Any CPU.ActiveCfg = Release|Any CPU
		{360696AA-0344-4A98-A282-053B16356FC3}.Release|Any CPU.Build.0 = Release|Any CPU
		{F21FA9F6-3F93-427B-BE9D-7908CCE8E996}.Debug|Any CPU.ActiveCfg = Debug|Any CPU
		{F21FA9F6-3F93-427B-BE9D-7908CCE8E996}.Debug|Any CPU.Build.0 = Debug|Any CPU
		{F21FA9F6-3F93-427B-BE9D-7908CCE8E996}.Release|Any CPU.ActiveCfg = Release|Any CPU
		{F21FA9F6-3F93-427B-BE9D-7908CCE8E996}.Release|Any CPU.Build.0 = Release|Any CPU
		{15461D83-3946-4282-90BB-A3CE5E7F408E}.Debug|Any CPU.ActiveCfg = Debug|Any CPU
		{15461D83-3946-4282-90BB-A3CE5E7F408E}.Debug|Any CPU.Build.0 = Debug|Any CPU
		{15461D83-3946-4282-90BB-A3CE5E7F408E}.Release|Any CPU.ActiveCfg = Release|Any CPU
		{15461D83-3946-4282-90BB-A3CE5E7F408E}.Release|Any CPU.Build.0 = Release|Any CPU
	EndGlobalSection
	GlobalSection(SolutionProperties) = preSolution
		HideSolutionNode = FALSE
	EndGlobalSection
	GlobalSection(NestedProjects) = preSolution
		{638311A9-3860-49DF-B038-F54806C59941} = {153FD172-8126-46C2-B310-1CD175F3AAC5}
		{0DC5866A-958C-4509-A69E-AAFA36795B15} = {153FD172-8126-46C2-B310-1CD175F3AAC5}
		{876C1649-2CD6-4A36-903E-D8F7AFF12A14} = {153FD172-8126-46C2-B310-1CD175F3AAC5}
		{5EB86B17-0468-4429-89B5-68AC0F8CC6DD} = {153FD172-8126-46C2-B310-1CD175F3AAC5}
		{AEC6D4F4-56F3-437A-8391-3FC150A1E2EF} = {653BD81C-CF20-4C44-BDAB-A1719FCD8522}
		{BF7FF946-3121-4D0E-A0D2-CA536366177A} = {653BD81C-CF20-4C44-BDAB-A1719FCD8522}
		{B6B44712-29C8-454D-AE41-3924F197E50A} = {653BD81C-CF20-4C44-BDAB-A1719FCD8522}
		{360696AA-0344-4A98-A282-053B16356FC3} = {653BD81C-CF20-4C44-BDAB-A1719FCD8522}
		{BE9ECEB6-4C02-4F1B-8BA5-360D2DAB96C7} = {153FD172-8126-46C2-B310-1CD175F3AAC5}
		{F21FA9F6-3F93-427B-BE9D-7908CCE8E996} = {BE9ECEB6-4C02-4F1B-8BA5-360D2DAB96C7}
		{15461D83-3946-4282-90BB-A3CE5E7F408E} = {BE9ECEB6-4C02-4F1B-8BA5-360D2DAB96C7}
	EndGlobalSection
	GlobalSection(ExtensibilityGlobals) = postSolution
		SolutionGuid = {E337B20A-7B33-4B52-AB8D-6922BC65247B}
	EndGlobalSection
EndGlobal
