
Microsoft Visual Studio Solution File, Format Version 12.00
# Visual Studio Version 17
VisualStudioVersion = 17.2.32210.308
MinimumVisualStudioVersion = 10.0.40219.1
Project("{FAE04EC0-301F-11D3-BF4B-00C04F79EFBC}") = "StoreMarket V1", "StoreMarket V1\StoreMarket V1.csproj", "{CCAE16B7-6450-455E-99C2-122D0909ADD7}"
EndProject
Project("{FAE04EC0-301F-11D3-BF4B-00C04F79EFBC}") = "DAL", "DAL\DAL.csproj", "{55CC50AD-A657-4FFD-B73B-DD603C723F19}"
EndProject
Project("{FAE04EC0-301F-11D3-BF4B-00C04F79EFBC}") = "BEE", "BEE\BEE.csproj", "{5CF8DA78-74CD-4C79-8654-B6310C7D8891}"
EndProject
Project("{FAE04EC0-301F-11D3-BF4B-00C04F79EFBC}") = "BLL", "BLL\BLL.csproj", "{73DEE255-A2B1-49D7-84A7-70679FB5A82F}"
EndProject
Global
	GlobalSection(SolutionConfigurationPlatforms) = preSolution
		Debug|Any CPU = Debug|Any CPU
		Release|Any CPU = Release|Any CPU
	EndGlobalSection
	GlobalSection(ProjectConfigurationPlatforms) = postSolution
		{CCAE16B7-6450-455E-99C2-122D0909ADD7}.Debug|Any CPU.ActiveCfg = Debug|Any CPU
		{CCAE16B7-6450-455E-99C2-122D0909ADD7}.Debug|Any CPU.Build.0 = Debug|Any CPU
		{CCAE16B7-6450-455E-99C2-122D0909ADD7}.Release|Any CPU.ActiveCfg = Release|Any CPU
		{CCAE16B7-6450-455E-99C2-122D0909ADD7}.Release|Any CPU.Build.0 = Release|Any CPU
		{55CC50AD-A657-4FFD-B73B-DD603C723F19}.Debug|Any CPU.ActiveCfg = Debug|Any CPU
		{55CC50AD-A657-4FFD-B73B-DD603C723F19}.Debug|Any CPU.Build.0 = Debug|Any CPU
		{55CC50AD-A657-4FFD-B73B-DD603C723F19}.Release|Any CPU.ActiveCfg = Release|Any CPU
		{55CC50AD-A657-4FFD-B73B-DD603C723F19}.Release|Any CPU.Build.0 = Release|Any CPU
		{5CF8DA78-74CD-4C79-8654-B6310C7D8891}.Debug|Any CPU.ActiveCfg = Debug|Any CPU
		{5CF8DA78-74CD-4C79-8654-B6310C7D8891}.Debug|Any CPU.Build.0 = Debug|Any CPU
		{5CF8DA78-74CD-4C79-8654-B6310C7D8891}.Release|Any CPU.ActiveCfg = Release|Any CPU
		{5CF8DA78-74CD-4C79-8654-B6310C7D8891}.Release|Any CPU.Build.0 = Release|Any CPU
		{73DEE255-A2B1-49D7-84A7-70679FB5A82F}.Debug|Any CPU.ActiveCfg = Debug|Any CPU
		{73DEE255-A2B1-49D7-84A7-70679FB5A82F}.Debug|Any CPU.Build.0 = Debug|Any CPU
		{73DEE255-A2B1-49D7-84A7-70679FB5A82F}.Release|Any CPU.ActiveCfg = Release|Any CPU
		{73DEE255-A2B1-49D7-84A7-70679FB5A82F}.Release|Any CPU.Build.0 = Release|Any CPU
	EndGlobalSection
	GlobalSection(SolutionProperties) = preSolution
		HideSolutionNode = FALSE
	EndGlobalSection
	GlobalSection(ExtensibilityGlobals) = postSolution
		SolutionGuid = {59BA8D1C-C09C-4FFA-AC22-54D852BAF862}
	EndGlobalSection
EndGlobal
